<Solution>
  <Folder Name="/Modules/">
    <Project Path="modules\Common.Contracts\Texnokaktus.ProgOlymp.Common.Contracts\Texnokaktus.ProgOlymp.Common.Contracts.csproj" Type="Classic C#" />
  </Folder>
  <Project Path="Texnokaktus.ProgOlymp.ResultService.DataAccess\Texnokaktus.ProgOlymp.ResultService.DataAccess.csproj" />
  <Project Path="Texnokaktus.ProgOlymp.ResultService/Texnokaktus.ProgOlymp.ResultService.csproj" />
</Solution>